// !$*UTF8*$!
{
	archiveVersion = 1;
	classes = {
	};
	objectVersion = 53;
	objects = {

/* Begin PBXBuildFile section */
		042D4DED24C0157E00FBA3F7 /* AppDelegate.swift in Sources */ = {isa = PBXBuildFile; fileRef = 042D4DEC24C0157E00FBA3F7 /* AppDelegate.swift */; };
		042D4DEF24C0157E00FBA3F7 /* SceneDelegate.swift in Sources */ = {isa = PBXBuildFile; fileRef = 042D4DEE24C0157E00FBA3F7 /* SceneDelegate.swift */; };
		042D4DF124C0157E00FBA3F7 /* ContentView.swift in Sources */ = {isa = PBXBuildFile; fileRef = 042D4DF024C0157E00FBA3F7 /* ContentView.swift */; };
		042D4DF324C0158000FBA3F7 /* Assets.xcassets in Resources */ = {isa = PBXBuildFile; fileRef = 042D4DF224C0158000FBA3F7 /* Assets.xcassets */; };
		042D4DF624C0158000FBA3F7 /* Preview Assets.xcassets in Resources */ = {isa = PBXBuildFile; fileRef = 042D4DF524C0158000FBA3F7 /* Preview Assets.xcassets */; };
		042D4DF924C0158000FBA3F7 /* LaunchScreen.storyboard in Resources */ = {isa = PBXBuildFile; fileRef = 042D4DF724C0158000FBA3F7 /* LaunchScreen.storyboard */; };
		042D4E0424C0158000FBA3F7 /* hatariIotDemoTests.swift in Sources */ = {isa = PBXBuildFile; fileRef = 042D4E0324C0158000FBA3F7 /* hatariIotDemoTests.swift */; };
		042D4E0F24C0158000FBA3F7 /* hatariIotDemoUITests.swift in Sources */ = {isa = PBXBuildFile; fileRef = 042D4E0E24C0158000FBA3F7 /* hatariIotDemoUITests.swift */; };
		042D4E1D24C015E400FBA3F7 /* DeviceControlView.swift in Sources */ = {isa = PBXBuildFile; fileRef = 042D4E1C24C015E400FBA3F7 /* DeviceControlView.swift */; };
		042D4E1F24C01D2100FBA3F7 /* AirPurifier.swift in Sources */ = {isa = PBXBuildFile; fileRef = 042D4E1E24C01D2100FBA3F7 /* AirPurifier.swift */; };
		046D44B024C045CD00136419 /* AWSSDKSwift in Frameworks */ = {isa = PBXBuildFile; productRef = 046D44AF24C045CD00136419 /* AWSSDKSwift */; };
		046D44B224C045CD00136419 /* IoT in Frameworks */ = {isa = PBXBuildFile; productRef = 046D44B124C045CD00136419 /* IoT */; };
/* End PBXBuildFile section */

/* Begin PBXContainerItemProxy section */
		042D4E0024C0158000FBA3F7 /* PBXContainerItemProxy */ = {
			isa = PBXContainerItemProxy;
			containerPortal = 042D4DE124C0157E00FBA3F7 /* Project object */;
			proxyType = 1;
			remoteGlobalIDString = 042D4DE824C0157E00FBA3F7;
			remoteInfo = hatariIotDemo;
		};
		042D4E0B24C0158000FBA3F7 /* PBXContainerItemProxy */ = {
			isa = PBXContainerItemProxy;
			containerPortal = 042D4DE124C0157E00FBA3F7 /* Project object */;
			proxyType = 1;
			remoteGlobalIDString = 042D4DE824C0157E00FBA3F7;
			remoteInfo = hatariIotDemo;
		};
/* End PBXContainerItemProxy section */

/* Begin PBXFileReference section */
		042D4DE924C0157E00FBA3F7 /* hatariIotDemo.app */ = {isa = PBXFileReference; explicitFileType = wrapper.application; includeInIndex = 0; path = hatariIotDemo.app; sourceTree = BUILT_PRODUCTS_DIR; };
		042D4DEC24C0157E00FBA3F7 /* AppDelegate.swift */ = {isa = PBXFileReference; lastKnownFileType = sourcecode.swift; path = AppDelegate.swift; sourceTree = "<group>"; };
		042D4DEE24C0157E00FBA3F7 /* SceneDelegate.swift */ = {isa = PBXFileReference; lastKnownFileType = sourcecode.swift; path = SceneDelegate.swift; sourceTree = "<group>"; };
		042D4DF024C0157E00FBA3F7 /* ContentView.swift */ = {isa = PBXFileReference; lastKnownFileType = sourcecode.swift; path = ContentView.swift; sourceTree = "<group>"; };
		042D4DF224C0158000FBA3F7 /* Assets.xcassets */ = {isa = PBXFileReference; lastKnownFileType = folder.assetcatalog; path = Assets.xcassets; sourceTree = "<group>"; };
		042D4DF524C0158000FBA3F7 /* Preview Assets.xcassets */ = {isa = PBXFileReference; lastKnownFileType = folder.assetcatalog; path = "Preview Assets.xcassets"; sourceTree = "<group>"; };
		042D4DF824C0158000FBA3F7 /* Base */ = {isa = PBXFileReference; lastKnownFileType = file.storyboard; name = Base; path = Base.lproj/LaunchScreen.storyboard; sourceTree = "<group>"; };
		042D4DFA24C0158000FBA3F7 /* Info.plist */ = {isa = PBXFileReference; lastKnownFileType = text.plist.xml; path = Info.plist; sourceTree = "<group>"; };
		042D4DFF24C0158000FBA3F7 /* hatariIotDemoTests.xctest */ = {isa = PBXFileReference; explicitFileType = wrapper.cfbundle; includeInIndex = 0; path = hatariIotDemoTests.xctest; sourceTree = BUILT_PRODUCTS_DIR; };
		042D4E0324C0158000FBA3F7 /* hatariIotDemoTests.swift */ = {isa = PBXFileReference; lastKnownFileType = sourcecode.swift; path = hatariIotDemoTests.swift; sourceTree = "<group>"; };
		042D4E0524C0158000FBA3F7 /* Info.plist */ = {isa = PBXFileReference; lastKnownFileType = text.plist.xml; path = Info.plist; sourceTree = "<group>"; };
		042D4E0A24C0158000FBA3F7 /* hatariIotDemoUITests.xctest */ = {isa = PBXFileReference; explicitFileType = wrapper.cfbundle; includeInIndex = 0; path = hatariIotDemoUITests.xctest; sourceTree = BUILT_PRODUCTS_DIR; };
		042D4E0E24C0158000FBA3F7 /* hatariIotDemoUITests.swift */ = {isa = PBXFileReference; lastKnownFileType = sourcecode.swift; path = hatariIotDemoUITests.swift; sourceTree = "<group>"; };
		042D4E1024C0158000FBA3F7 /* Info.plist */ = {isa = PBXFileReference; lastKnownFileType = text.plist.xml; path = Info.plist; sourceTree = "<group>"; };
		042D4E1C24C015E400FBA3F7 /* DeviceControlView.swift */ = {isa = PBXFileReference; lastKnownFileType = sourcecode.swift; path = DeviceControlView.swift; sourceTree = "<group>"; };
		042D4E1E24C01D2100FBA3F7 /* AirPurifier.swift */ = {isa = PBXFileReference; lastKnownFileType = sourcecode.swift; path = AirPurifier.swift; sourceTree = "<group>"; };
/* End PBXFileReference section */

/* Begin PBXFrameworksBuildPhase section */
		042D4DE624C0157E00FBA3F7 /* Frameworks */ = {
			isa = PBXFrameworksBuildPhase;
			buildActionMask = 2147483647;
			files = (
				046D44B024C045CD00136419 /* AWSSDKSwift in Frameworks */,
				046D44B224C045CD00136419 /* IoT in Frameworks */,
			);
			runOnlyForDeploymentPostprocessing = 0;
		};
		042D4DFC24C0158000FBA3F7 /* Frameworks */ = {
			isa = PBXFrameworksBuildPhase;
			buildActionMask = 2147483647;
			files = (
			);
			runOnlyForDeploymentPostprocessing = 0;
		};
		042D4E0724C0158000FBA3F7 /* Frameworks */ = {
			isa = PBXFrameworksBuildPhase;
			buildActionMask = 2147483647;
			files = (
			);
			runOnlyForDeploymentPostprocessing = 0;
		};
/* End PBXFrameworksBuildPhase section */

/* Begin PBXGroup section */
		042D4DE024C0157E00FBA3F7 = {
			isa = PBXGroup;
			children = (
				042D4DEB24C0157E00FBA3F7 /* hatariIotDemo */,
				042D4E0224C0158000FBA3F7 /* hatariIotDemoTests */,
				042D4E0D24C0158000FBA3F7 /* hatariIotDemoUITests */,
				042D4DEA24C0157E00FBA3F7 /* Products */,
			);
			sourceTree = "<group>";
		};
		042D4DEA24C0157E00FBA3F7 /* Products */ = {
			isa = PBXGroup;
			children = (
				042D4DE924C0157E00FBA3F7 /* hatariIotDemo.app */,
				042D4DFF24C0158000FBA3F7 /* hatariIotDemoTests.xctest */,
				042D4E0A24C0158000FBA3F7 /* hatariIotDemoUITests.xctest */,
			);
			name = Products;
			sourceTree = "<group>";
		};
		042D4DEB24C0157E00FBA3F7 /* hatariIotDemo */ = {
			isa = PBXGroup;
			children = (
				046D44B324C045FF00136419 /* api */,
				042D4DEC24C0157E00FBA3F7 /* AppDelegate.swift */,
				042D4DEE24C0157E00FBA3F7 /* SceneDelegate.swift */,
				042D4DF024C0157E00FBA3F7 /* ContentView.swift */,
				042D4E1C24C015E400FBA3F7 /* DeviceControlView.swift */,
				042D4DF224C0158000FBA3F7 /* Assets.xcassets */,
				042D4DF724C0158000FBA3F7 /* LaunchScreen.storyboard */,
				042D4DFA24C0158000FBA3F7 /* Info.plist */,
				042D4DF424C0158000FBA3F7 /* Preview Content */,
			);
			path = hatariIotDemo;
			sourceTree = "<group>";
		};
		042D4DF424C0158000FBA3F7 /* Preview Content */ = {
			isa = PBXGroup;
			children = (
				042D4DF524C0158000FBA3F7 /* Preview Assets.xcassets */,
			);
			path = "Preview Content";
			sourceTree = "<group>";
		};
		042D4E0224C0158000FBA3F7 /* hatariIotDemoTests */ = {
			isa = PBXGroup;
			children = (
				042D4E0324C0158000FBA3F7 /* hatariIotDemoTests.swift */,
				042D4E0524C0158000FBA3F7 /* Info.plist */,
			);
			path = hatariIotDemoTests;
			sourceTree = "<group>";
		};
		042D4E0D24C0158000FBA3F7 /* hatariIotDemoUITests */ = {
			isa = PBXGroup;
			children = (
				042D4E0E24C0158000FBA3F7 /* hatariIotDemoUITests.swift */,
				042D4E1024C0158000FBA3F7 /* Info.plist */,
			);
			path = hatariIotDemoUITests;
			sourceTree = "<group>";
		};
		046D44B324C045FF00136419 /* api */ = {
			isa = PBXGroup;
			children = (
				042D4E1E24C01D2100FBA3F7 /* AirPurifier.swift */,
			);
			path = api;
			sourceTree = "<group>";
		};
/* End PBXGroup section */

/* Begin PBXNativeTarget section */
		042D4DE824C0157E00FBA3F7 /* hatariIotDemo */ = {
			isa = PBXNativeTarget;
			buildConfigurationList = 042D4E1324C0158000FBA3F7 /* Build configuration list for PBXNativeTarget "hatariIotDemo" */;
			buildPhases = (
				042D4DE524C0157E00FBA3F7 /* Sources */,
				042D4DE624C0157E00FBA3F7 /* Frameworks */,
				042D4DE724C0157E00FBA3F7 /* Resources */,
			);
			buildRules = (
			);
			dependencies = (
			);
			name = hatariIotDemo;
			packageProductDependencies = (
				046D44AF24C045CD00136419 /* AWSSDKSwift */,
				046D44B124C045CD00136419 /* IoT */,
			);
			productName = hatariIotDemo;
			productReference = 042D4DE924C0157E00FBA3F7 /* hatariIotDemo.app */;
			productType = "com.apple.product-type.application";
		};
		042D4DFE24C0158000FBA3F7 /* hatariIotDemoTests */ = {
			isa = PBXNativeTarget;
			buildConfigurationList = 042D4E1624C0158000FBA3F7 /* Build configuration list for PBXNativeTarget "hatariIotDemoTests" */;
			buildPhases = (
				042D4DFB24C0158000FBA3F7 /* Sources */,
				042D4DFC24C0158000FBA3F7 /* Frameworks */,
				042D4DFD24C0158000FBA3F7 /* Resources */,
			);
			buildRules = (
			);
			dependencies = (
				042D4E0124C0158000FBA3F7 /* PBXTargetDependency */,
			);
			name = hatariIotDemoTests;
			productName = hatariIotDemoTests;
			productReference = 042D4DFF24C0158000FBA3F7 /* hatariIotDemoTests.xctest */;
			productType = "com.apple.product-type.bundle.unit-test";
		};
		042D4E0924C0158000FBA3F7 /* hatariIotDemoUITests */ = {
			isa = PBXNativeTarget;
			buildConfigurationList = 042D4E1924C0158000FBA3F7 /* Build configuration list for PBXNativeTarget "hatariIotDemoUITests" */;
			buildPhases = (
				042D4E0624C0158000FBA3F7 /* Sources */,
				042D4E0724C0158000FBA3F7 /* Frameworks */,
				042D4E0824C0158000FBA3F7 /* Resources */,
			);
			buildRules = (
			);
			dependencies = (
				042D4E0C24C0158000FBA3F7 /* PBXTargetDependency */,
			);
			name = hatariIotDemoUITests;
			productName = hatariIotDemoUITests;
			productReference = 042D4E0A24C0158000FBA3F7 /* hatariIotDemoUITests.xctest */;
			productType = "com.apple.product-type.bundle.ui-testing";
		};
/* End PBXNativeTarget section */

/* Begin PBXProject section */
		042D4DE124C0157E00FBA3F7 /* Project object */ = {
			isa = PBXProject;
			attributes = {
				LastSwiftUpdateCheck = 1150;
				LastUpgradeCheck = 1150;
				ORGANIZATIONNAME = "nic wanavit";
				TargetAttributes = {
					042D4DE824C0157E00FBA3F7 = {
						CreatedOnToolsVersion = 11.5;
					};
					042D4DFE24C0158000FBA3F7 = {
						CreatedOnToolsVersion = 11.5;
						TestTargetID = 042D4DE824C0157E00FBA3F7;
					};
					042D4E0924C0158000FBA3F7 = {
						CreatedOnToolsVersion = 11.5;
						TestTargetID = 042D4DE824C0157E00FBA3F7;
					};
				};
			};
			buildConfigurationList = 042D4DE424C0157E00FBA3F7 /* Build configuration list for PBXProject "hatariIotDemo" */;
			compatibilityVersion = "Xcode 11.4";
			developmentRegion = en;
			hasScannedForEncodings = 0;
			knownRegions = (
				en,
				Base,
			);
			mainGroup = 042D4DE024C0157E00FBA3F7;
			packageReferences = (
				046D44AE24C045CD00136419 /* XCRemoteSwiftPackageReference "aws-sdk-swift" */,
			);
			productRefGroup = 042D4DEA24C0157E00FBA3F7 /* Products */;
			projectDirPath = "";
			projectRoot = "";
			targets = (
				042D4DE824C0157E00FBA3F7 /* hatariIotDemo */,
				042D4DFE24C0158000FBA3F7 /* hatariIotDemoTests */,
				042D4E0924C0158000FBA3F7 /* hatariIotDemoUITests */,
			);
		};
/* End PBXProject section */

/* Begin PBXResourcesBuildPhase section */
		042D4DE724C0157E00FBA3F7 /* Resources */ = {
			isa = PBXResourcesBuildPhase;
			buildActionMask = 2147483647;
			files = (
				042D4DF924C0158000FBA3F7 /* LaunchScreen.storyboard in Resources */,
				042D4DF624C0158000FBA3F7 /* Preview Assets.xcassets in Resources */,
				042D4DF324C0158000FBA3F7 /* Assets.xcassets in Resources */,
			);
			runOnlyForDeploymentPostprocessing = 0;
		};
		042D4DFD24C0158000FBA3F7 /* Resources */ = {
			isa = PBXResourcesBuildPhase;
			buildActionMask = 2147483647;
			files = (
			);
			runOnlyForDeploymentPostprocessing = 0;
		};
		042D4E0824C0158000FBA3F7 /* Resources */ = {
			isa = PBXResourcesBuildPhase;
			buildActionMask = 2147483647;
			files = (
			);
			runOnlyForDeploymentPostprocessing = 0;
		};
/* End PBXResourcesBuildPhase section */

/* Begin PBXSourcesBuildPhase section */
		042D4DE524C0157E00FBA3F7 /* Sources */ = {
			isa = PBXSourcesBuildPhase;
			buildActionMask = 2147483647;
			files = (
				042D4DED24C0157E00FBA3F7 /* AppDelegate.swift in Sources */,
				042D4DEF24C0157E00FBA3F7 /* SceneDelegate.swift in Sources */,
				042D4E1D24C015E400FBA3F7 /* DeviceControlView.swift in Sources */,
				042D4E1F24C01D2100FBA3F7 /* AirPurifier.swift in Sources */,
				042D4DF124C0157E00FBA3F7 /* ContentView.swift in Sources */,
			);
			runOnlyForDeploymentPostprocessing = 0;
		};
		042D4DFB24C0158000FBA3F7 /* Sources */ = {
			isa = PBXSourcesBuildPhase;
			buildActionMask = 2147483647;
			files = (
				042D4E0424C0158000FBA3F7 /* hatariIotDemoTests.swift in Sources */,
			);
			runOnlyForDeploymentPostprocessing = 0;
		};
		042D4E0624C0158000FBA3F7 /* Sources */ = {
			isa = PBXSourcesBuildPhase;
			buildActionMask = 2147483647;
			files = (
				042D4E0F24C0158000FBA3F7 /* hatariIotDemoUITests.swift in Sources */,
			);
			runOnlyForDeploymentPostprocessing = 0;
		};
/* End PBXSourcesBuildPhase section */

/* Begin PBXTargetDependency section */
		042D4E0124C0158000FBA3F7 /* PBXTargetDependency */ = {
			isa = PBXTargetDependency;
			target = 042D4DE824C0157E00FBA3F7 /* hatariIotDemo */;
			targetProxy = 042D4E0024C0158000FBA3F7 /* PBXContainerItemProxy */;
		};
		042D4E0C24C0158000FBA3F7 /* PBXTargetDependency */ = {
			isa = PBXTargetDependency;
			target = 042D4DE824C0157E00FBA3F7 /* hatariIotDemo */;
			targetProxy = 042D4E0B24C0158000FBA3F7 /* PBXContainerItemProxy */;
		};
/* End PBXTargetDependency section */

/* Begin PBXVariantGroup section */
		042D4DF724C0158000FBA3F7 /* LaunchScreen.storyboard */ = {
			isa = PBXVariantGroup;
			children = (
				042D4DF824C0158000FBA3F7 /* Base */,
			);
			name = LaunchScreen.storyboard;
			sourceTree = "<group>";
		};
/* End PBXVariantGroup section */

/* Begin XCBuildConfiguration section */
		042D4E1124C0158000FBA3F7 /* Debug */ = {
			isa = XCBuildConfiguration;
			buildSettings = {
				ALWAYS_SEARCH_USER_PATHS = NO;
				CLANG_ANALYZER_NONNULL = YES;
				CLANG_ANALYZER_NUMBER_OBJECT_CONVERSION = YES_AGGRESSIVE;
				CLANG_CXX_LANGUAGE_STANDARD = "gnu++14";
				CLANG_CXX_LIBRARY = "libc++";
				CLANG_ENABLE_MODULES = YES;
				CLANG_ENABLE_OBJC_ARC = YES;
				CLANG_ENABLE_OBJC_WEAK = YES;
				CLANG_WARN_BLOCK_CAPTURE_AUTORELEASING = YES;
				CLANG_WARN_BOOL_CONVERSION = YES;
				CLANG_WARN_COMMA = YES;
				CLANG_WARN_CONSTANT_CONVERSION = YES;
				CLANG_WARN_DEPRECATED_OBJC_IMPLEMENTATIONS = YES;
				CLANG_WARN_DIRECT_OBJC_ISA_USAGE = YES_ERROR;
				CLANG_WARN_DOCUMENTATION_COMMENTS = YES;
				CLANG_WARN_EMPTY_BODY = YES;
				CLANG_WARN_ENUM_CONVERSION = YES;
				CLANG_WARN_INFINITE_RECURSION = YES;
				CLANG_WARN_INT_CONVERSION = YES;
				CLANG_WARN_NON_LITERAL_NULL_CONVERSION = YES;
				CLANG_WARN_OBJC_IMPLICIT_RETAIN_SELF = YES;
				CLANG_WARN_OBJC_LITERAL_CONVERSION = YES;
				CLANG_WARN_OBJC_ROOT_CLASS = YES_ERROR;
				CLANG_WARN_RANGE_LOOP_ANALYSIS = YES;
				CLANG_WARN_STRICT_PROTOTYPES = YES;
				CLANG_WARN_SUSPICIOUS_MOVE = YES;
				CLANG_WARN_UNGUARDED_AVAILABILITY = YES_AGGRESSIVE;
				CLANG_WARN_UNREACHABLE_CODE = YES;
				CLANG_WARN__DUPLICATE_METHOD_MATCH = YES;
				COPY_PHASE_STRIP = NO;
				DEBUG_INFORMATION_FORMAT = dwarf;
				ENABLE_STRICT_OBJC_MSGSEND = YES;
				ENABLE_TESTABILITY = YES;
				GCC_C_LANGUAGE_STANDARD = gnu11;
				GCC_DYNAMIC_NO_PIC = NO;
				GCC_NO_COMMON_BLOCKS = YES;
				GCC_OPTIMIZATION_LEVEL = 0;
				GCC_PREPROCESSOR_DEFINITIONS = (
					"DEBUG=1",
					"$(inherited)",
				);
				GCC_WARN_64_TO_32_BIT_CONVERSION = YES;
				GCC_WARN_ABOUT_RETURN_TYPE = YES_ERROR;
				GCC_WARN_UNDECLARED_SELECTOR = YES;
				GCC_WARN_UNINITIALIZED_AUTOS = YES_AGGRESSIVE;
				GCC_WARN_UNUSED_FUNCTION = YES;
				GCC_WARN_UNUSED_VARIABLE = YES;
				IPHONEOS_DEPLOYMENT_TARGET = 13.5;
				MTL_ENABLE_DEBUG_INFO = INCLUDE_SOURCE;
				MTL_FAST_MATH = YES;
				ONLY_ACTIVE_ARCH = YES;
				SDKROOT = iphoneos;
				SWIFT_ACTIVE_COMPILATION_CONDITIONS = DEBUG;
				SWIFT_OPTIMIZATION_LEVEL = "-Onone";
			};
			name = Debug;
		};
		042D4E1224C0158000FBA3F7 /* Release */ = {
			isa = XCBuildConfiguration;
			buildSettings = {
				ALWAYS_SEARCH_USER_PATHS = NO;
				CLANG_ANALYZER_NONNULL = YES;
				CLANG_ANALYZER_NUMBER_OBJECT_CONVERSION = YES_AGGRESSIVE;
				CLANG_CXX_LANGUAGE_STANDARD = "gnu++14";
				CLANG_CXX_LIBRARY = "libc++";
				CLANG_ENABLE_MODULES = YES;
				CLANG_ENABLE_OBJC_ARC = YES;
				CLANG_ENABLE_OBJC_WEAK = YES;
				CLANG_WARN_BLOCK_CAPTURE_AUTORELEASING = YES;
				CLANG_WARN_BOOL_CONVERSION = YES;
				CLANG_WARN_COMMA = YES;
				CLANG_WARN_CONSTANT_CONVERSION = YES;
				CLANG_WARN_DEPRECATED_OBJC_IMPLEMENTATIONS = YES;
				CLANG_WARN_DIRECT_OBJC_ISA_USAGE = YES_ERROR;
				CLANG_WARN_DOCUMENTATION_COMMENTS = YES;
				CLANG_WARN_EMPTY_BODY = YES;
				CLANG_WARN_ENUM_CONVERSION = YES;
				CLANG_WARN_INFINITE_RECURSION = YES;
				CLANG_WARN_INT_CONVERSION = YES;
				CLANG_WARN_NON_LITERAL_NULL_CONVERSION = YES;
				CLANG_WARN_OBJC_IMPLICIT_RETAIN_SELF = YES;
				CLANG_WARN_OBJC_LITERAL_CONVERSION = YES;
				CLANG_WARN_OBJC_ROOT_CLASS = YES_ERROR;
				CLANG_WARN_RANGE_LOOP_ANALYSIS = YES;
				CLANG_WARN_STRICT_PROTOTYPES = YES;
				CLANG_WARN_SUSPICIOUS_MOVE = YES;
				CLANG_WARN_UNGUARDED_AVAILABILITY = YES_AGGRESSIVE;
				CLANG_WARN_UNREACHABLE_CODE = YES;
				CLANG_WARN__DUPLICATE_METHOD_MATCH = YES;
				COPY_PHASE_STRIP = NO;
				DEBUG_INFORMATION_FORMAT = "dwarf-with-dsym";
				ENABLE_NS_ASSERTIONS = NO;
				ENABLE_STRICT_OBJC_MSGSEND = YES;
				GCC_C_LANGUAGE_STANDARD = gnu11;
				GCC_NO_COMMON_BLOCKS = YES;
				GCC_WARN_64_TO_32_BIT_CONVERSION = YES;
				GCC_WARN_ABOUT_RETURN_TYPE = YES_ERROR;
				GCC_WARN_UNDECLARED_SELECTOR = YES;
				GCC_WARN_UNINITIALIZED_AUTOS = YES_AGGRESSIVE;
				GCC_WARN_UNUSED_FUNCTION = YES;
				GCC_WARN_UNUSED_VARIABLE = YES;
				IPHONEOS_DEPLOYMENT_TARGET = 13.5;
				MTL_ENABLE_DEBUG_INFO = NO;
				MTL_FAST_MATH = YES;
				SDKROOT = iphoneos;
				SWIFT_COMPILATION_MODE = wholemodule;
				SWIFT_OPTIMIZATION_LEVEL = "-O";
				VALIDATE_PRODUCT = YES;
			};
			name = Release;
		};
		042D4E1424C0158000FBA3F7 /* Debug */ = {
			isa = XCBuildConfiguration;
			buildSettings = {
				ASSETCATALOG_COMPILER_APPICON_NAME = AppIcon;
				CODE_SIGN_STYLE = Automatic;
				DEVELOPMENT_ASSET_PATHS = "\"hatariIotDemo/Preview Content\"";
				DEVELOPMENT_TEAM = JAT5L64V29;
				ENABLE_PREVIEWS = YES;
				INFOPLIST_FILE = hatariIotDemo/Info.plist;
				LD_RUNPATH_SEARCH_PATHS = (
					"$(inherited)",
					"@executable_path/Frameworks",
				);
				PRODUCT_BUNDLE_IDENTIFIER = tenxor.hatariIotDemo;
				PRODUCT_NAME = "$(TARGET_NAME)";
				SWIFT_VERSION = 5.0;
				TARGETED_DEVICE_FAMILY = "1,2";
			};
			name = Debug;
		};
		042D4E1524C0158000FBA3F7 /* Release */ = {
			isa = XCBuildConfiguration;
			buildSettings = {
				ASSETCATALOG_COMPILER_APPICON_NAME = AppIcon;
				CODE_SIGN_STYLE = Automatic;
				DEVELOPMENT_ASSET_PATHS = "\"hatariIotDemo/Preview Content\"";
				DEVELOPMENT_TEAM = JAT5L64V29;
				ENABLE_PREVIEWS = YES;
				INFOPLIST_FILE = hatariIotDemo/Info.plist;
				LD_RUNPATH_SEARCH_PATHS = (
					"$(inherited)",
					"@executable_path/Frameworks",
				);
				PRODUCT_BUNDLE_IDENTIFIER = tenxor.hatariIotDemo;
				PRODUCT_NAME = "$(TARGET_NAME)";
				SWIFT_VERSION = 5.0;
				TARGETED_DEVICE_FAMILY = "1,2";
			};
			name = Release;
		};
		042D4E1724C0158000FBA3F7 /* Debug */ = {
			isa = XCBuildConfiguration;
			buildSettings = {
				ALWAYS_EMBED_SWIFT_STANDARD_LIBRARIES = YES;
				BUNDLE_LOADER = "$(TEST_HOST)";
				CODE_SIGN_STYLE = Automatic;
				DEVELOPMENT_TEAM = JAT5L64V29;
				INFOPLIST_FILE = hatariIotDemoTests/Info.plist;
				IPHONEOS_DEPLOYMENT_TARGET = 13.5;
				LD_RUNPATH_SEARCH_PATHS = (
					"$(inherited)",
					"@executable_path/Frameworks",
					"@loader_path/Frameworks",
				);
				PRODUCT_BUNDLE_IDENTIFIER = tenxor.hatariIotDemoTests;
				PRODUCT_NAME = "$(TARGET_NAME)";
				SWIFT_VERSION = 5.0;
				TARGETED_DEVICE_FAMILY = "1,2";
				TEST_HOST = "$(BUILT_PRODUCTS_DIR)/hatariIotDemo.app/hatariIotDemo";
			};
			name = Debug;
		};
		042D4E1824C0158000FBA3F7 /* Release */ = {
			isa = XCBuildConfiguration;
			buildSettings = {
				ALWAYS_EMBED_SWIFT_STANDARD_LIBRARIES = YES;
				BUNDLE_LOADER = "$(TEST_HOST)";
				CODE_SIGN_STYLE = Automatic;
				DEVELOPMENT_TEAM = JAT5L64V29;
				INFOPLIST_FILE = hatariIotDemoTests/Info.plist;
				IPHONEOS_DEPLOYMENT_TARGET = 13.5;
				LD_RUNPATH_SEARCH_PATHS = (
					"$(inherited)",
					"@executable_path/Frameworks",
					"@loader_path/Frameworks",
				);
				PRODUCT_BUNDLE_IDENTIFIER = tenxor.hatariIotDemoTests;
				PRODUCT_NAME = "$(TARGET_NAME)";
				SWIFT_VERSION = 5.0;
				TARGETED_DEVICE_FAMILY = "1,2";
				TEST_HOST = "$(BUILT_PRODUCTS_DIR)/hatariIotDemo.app/hatariIotDemo";
			};
			name = Release;
		};
		042D4E1A24C0158000FBA3F7 /* Debug */ = {
			isa = XCBuildConfiguration;
			buildSettings = {
				ALWAYS_EMBED_SWIFT_STANDARD_LIBRARIES = YES;
				CODE_SIGN_STYLE = Automatic;
				DEVELOPMENT_TEAM = JAT5L64V29;
				INFOPLIST_FILE = hatariIotDemoUITests/Info.plist;
				LD_RUNPATH_SEARCH_PATHS = (
					"$(inherited)",
					"@executable_path/Frameworks",
					"@loader_path/Frameworks",
				);
				PRODUCT_BUNDLE_IDENTIFIER = tenxor.hatariIotDemoUITests;
				PRODUCT_NAME = "$(TARGET_NAME)";
				SWIFT_VERSION = 5.0;
				TARGETED_DEVICE_FAMILY = "1,2";
				TEST_TARGET_NAME = hatariIotDemo;
			};
			name = Debug;
		};
		042D4E1B24C0158000FBA3F7 /* Release */ = {
			isa = XCBuildConfiguration;
			buildSettings = {
				ALWAYS_EMBED_SWIFT_STANDARD_LIBRARIES = YES;
				CODE_SIGN_STYLE = Automatic;
				DEVELOPMENT_TEAM = JAT5L64V29;
				INFOPLIST_FILE = hatariIotDemoUITests/Info.plist;
				LD_RUNPATH_SEARCH_PATHS = (
					"$(inherited)",
					"@executable_path/Frameworks",
					"@loader_path/Frameworks",
				);
				PRODUCT_BUNDLE_IDENTIFIER = tenxor.hatariIotDemoUITests;
				PRODUCT_NAME = "$(TARGET_NAME)";
				SWIFT_VERSION = 5.0;
				TARGETED_DEVICE_FAMILY = "1,2";
				TEST_TARGET_NAME = hatariIotDemo;
			};
			name = Release;
		};
/* End XCBuildConfiguration section */

/* Begin XCConfigurationList section */
		042D4DE424C0157E00FBA3F7 /* Build configuration list for PBXProject "hatariIotDemo" */ = {
			isa = XCConfigurationList;
			buildConfigurations = (
				042D4E1124C0158000FBA3F7 /* Debug */,
				042D4E1224C0158000FBA3F7 /* Release */,
			);
			defaultConfigurationIsVisible = 0;
			defaultConfigurationName = Release;
		};
		042D4E1324C0158000FBA3F7 /* Build configuration list for PBXNativeTarget "hatariIotDemo" */ = {
			isa = XCConfigurationList;
			buildConfigurations = (
				042D4E1424C0158000FBA3F7 /* Debug */,
				042D4E1524C0158000FBA3F7 /* Release */,
			);
			defaultConfigurationIsVisible = 0;
			defaultConfigurationName = Release;
		};
		042D4E1624C0158000FBA3F7 /* Build configuration list for PBXNativeTarget "hatariIotDemoTests" */ = {
			isa = XCConfigurationList;
			buildConfigurations = (
				042D4E1724C0158000FBA3F7 /* Debug */,
				042D4E1824C0158000FBA3F7 /* Release */,
			);
			defaultConfigurationIsVisible = 0;
			defaultConfigurationName = Release;
		};
		042D4E1924C0158000FBA3F7 /* Build configuration list for PBXNativeTarget "hatariIotDemoUITests" */ = {
			isa = XCConfigurationList;
			buildConfigurations = (
				042D4E1A24C0158000FBA3F7 /* Debug */,
				042D4E1B24C0158000FBA3F7 /* Release */,
			);
			defaultConfigurationIsVisible = 0;
			defaultConfigurationName = Release;
		};
/* End XCConfigurationList section */

/* Begin XCRemoteSwiftPackageReference section */
		046D44AE24C045CD00136419 /* XCRemoteSwiftPackageReference "aws-sdk-swift" */ = {
			isa = XCRemoteSwiftPackageReference;
			repositoryURL = "https://github.com/swift-aws/aws-sdk-swift";
			requirement = {
				kind = upToNextMajorVersion;
				minimumVersion = 4.7.0;
			};
		};
/* End XCRemoteSwiftPackageReference section */

/* Begin XCSwiftPackageProductDependency section */
		046D44AF24C045CD00136419 /* AWSSDKSwift */ = {
			isa = XCSwiftPackageProductDependency;
			package = 046D44AE24C045CD00136419 /* XCRemoteSwiftPackageReference "aws-sdk-swift" */;
			productName = AWSSDKSwift;
		};
		046D44B124C045CD00136419 /* IoT */ = {
			isa = XCSwiftPackageProductDependency;
			package = 046D44AE24C045CD00136419 /* XCRemoteSwiftPackageReference "aws-sdk-swift" */;
			productName = IoT;
		};
/* End XCSwiftPackageProductDependency section */
	};
	rootObject = 042D4DE124C0157E00FBA3F7 /* Project object */;
}
